{
	"name": "@cryptoeconomicslab/ovm-transpiler",
	"version": "0.2.3",
	"lockfileVersion": 1,
	"requires": true,
	"dependencies": {
		"@cryptoeconomicslab/coder": {
			"version": "0.0.4",
			"resolved": "https://registry.npmjs.org/@cryptoeconomicslab/coder/-/coder-0.0.4.tgz",
			"integrity": "sha512-cuTsWifbcODIezrl1RAVvRrTIBaw8+MW1M0AMkCXzjuU7R/jWa2NrMx2Rb2QNgVx0HSEmAsIGRy8QbdE5bYv1w==",
			"requires": {
				"@cryptoeconomicslab/primitives": "^0.0.4"
			}
		},
		"@cryptoeconomicslab/context": {
			"version": "0.0.4",
			"resolved": "https://registry.npmjs.org/@cryptoeconomicslab/context/-/context-0.0.4.tgz",
			"integrity": "sha512-DwXkSDTz9NRL9QBaEI5ZKUokrUOHa99XO3ynyWtMCVxiRw1tT3oYUDCM9WoHwOLo0bpsLA1leElGfhO6mD2wqg==",
			"requires": {
				"@cryptoeconomicslab/primitives": "^0.0.4"
			}
		},
		"@cryptoeconomicslab/primitives": {
			"version": "0.0.4",
			"resolved": "https://registry.npmjs.org/@cryptoeconomicslab/primitives/-/primitives-0.0.4.tgz",
			"integrity": "sha512-TfYPUYugJlb4fZC/Lep9Eyf4HEB/1fWtjld50cz3ucYFW58ql4Lh2LaK2GnDDHPSY3Ji+MCmPSWFfm4Xsk9dgg==",
			"requires": {
				"text-encoding": "^0.7.0"
			}
		},
		"text-encoding": {
			"version": "0.7.0",
			"resolved": "https://registry.npmjs.org/text-encoding/-/text-encoding-0.7.0.tgz",
			"integrity": "sha512-oJQ3f1hrOnbRLOcwKz0Liq2IcrvDeZRHXhd9RgLrsT+DjWY/nty1Hi7v3dtkaEYbPYe0mUoOfzRrMwfXXwgPUA=="
		},
		"tslib": {
			"version": "1.10.0",
			"resolved": "https://registry.npmjs.org/tslib/-/tslib-1.10.0.tgz",
			"integrity": "sha512-qOebF53frne81cf0S9B41ByenJ3/IuH8yJKngAX35CmiZySA0khhkovshKK+jGCaMnVomla7gVlIcc3EvKPbTQ=="
		}
	}
}
