{
	"name": "@cryptoeconomicslab/ovm-solidity-generator",
	"version": "0.2.4",
	"lockfileVersion": 1,
	"requires": true,
	"dependencies": {
		"@cryptoeconomicslab/coder": {
			"version": "0.0.10",
			"resolved": "https://registry.npmjs.org/@cryptoeconomicslab/coder/-/coder-0.0.10.tgz",
			"integrity": "sha512-Joa3PX1ExMTC6lNOkKPLN2USZmoiM5ccPKI+AXS5etxdppFlYqI6Y847qV2y4z3WOtClQy6wcSv1zugt1i6Dfg=="
		},
		"@cryptoeconomicslab/context": {
			"version": "0.0.10",
			"resolved": "https://registry.npmjs.org/@cryptoeconomicslab/context/-/context-0.0.10.tgz",
			"integrity": "sha512-xDK0bmLam/TTlxtXw9JfeNRqvW9/Yrcx7efcalvURpEFgbonUFxK6s+u9J/a/e62qc2X9nYV+rrHikCOAEkYAQ=="
		},
		"ejs": {
			"version": "3.0.1",
			"resolved": "https://registry.npmjs.org/ejs/-/ejs-3.0.1.tgz",
			"integrity": "sha512-cuIMtJwxvzumSAkqaaoGY/L6Fc/t6YvoP9/VIaK0V/CyqKLEQ8sqODmYfy/cjXEdZ9+OOL8TecbJu+1RsofGDw=="
		},
		"tslib": {
			"version": "1.10.0",
			"resolved": "https://registry.npmjs.org/tslib/-/tslib-1.10.0.tgz",
			"integrity": "sha512-qOebF53frne81cf0S9B41ByenJ3/IuH8yJKngAX35CmiZySA0khhkovshKK+jGCaMnVomla7gVlIcc3EvKPbTQ=="
		}
	}
}
